
Microsoft Visual Studio Solution File, Format Version 12.00
# Visual Studio Version 16
VisualStudioVersion = 16.0.809.6
MinimumVisualStudioVersion = 10.0.40219.1
Project("{FAE04EC0-301F-11D3-BF4B-00C04F79EFBC}") = "JSON_Tokenizer", "JSON_Tokenizer\JSON_Tokenizer.csproj", "{5132D6E0-BDB6-4608-9BBA-29B2CB911240}"
EndProject
Global
	GlobalSection(SolutionConfigurationPlatforms) = preSolution
		Debug|Any CPU = Debug|Any CPU
		Release|Any CPU = Release|Any CPU
	EndGlobalSection
	GlobalSection(ProjectConfigurationPlatforms) = postSolution
		{5132D6E0-BDB6-4608-9BBA-29B2CB911240}.Debug|Any CPU.ActiveCfg = Debug|Any CPU
		{5132D6E0-BDB6-4608-9BBA-29B2CB911240}.Debug|Any CPU.Build.0 = Debug|Any CPU
		{5132D6E0-BDB6-4608-9BBA-29B2CB911240}.Release|Any CPU.ActiveCfg = Release|Any CPU
		{5132D6E0-BDB6-4608-9BBA-29B2CB911240}.Release|Any CPU.Build.0 = Release|Any CPU
	EndGlobalSection
	GlobalSection(SolutionProperties) = preSolution
		HideSolutionNode = FALSE
	EndGlobalSection
	GlobalSection(ExtensibilityGlobals) = postSolution
		SolutionGuid = {484A9E94-E8FA-48CD-976A-9E95D97B461B}
	EndGlobalSection
EndGlobal
